
Microsoft Visual Studio Solution File, Format Version 12.00
# Visual Studio Version 16
VisualStudioVersion = 16.0.30320.27
MinimumVisualStudioVersion = 10.0.40219.1
Project("{9A19103F-16F7-4668-BE54-9A1E7A4F7556}") = "AFI.Registration.Interfaces", "AFI.Registration.Interfaces\AFI.Registration.Interfaces.csproj", "{0FF816A5-A732-467B-BFFE-C24C9515C148}"
EndProject
Project("{9A19103F-16F7-4668-BE54-9A1E7A4F7556}") = "AFI.Registration.Services", "AFI.Registration.Services\AFI.Registration.Services.csproj", "{167679CA-47B1-43C4-9ABE-777DFEF543C4}"
EndProject
Project("{9A19103F-16F7-4668-BE54-9A1E7A4F7556}") = "AFI.Registration.Repositories", "AFI.Registration.Repositories\AFI.Registration.Repositories.csproj", "{E2D1FC17-25EE-4006-B360-021C35568C6F}"
EndProject
Project("{9A19103F-16F7-4668-BE54-9A1E7A4F7556}") = "AFI.Registration.Test", "AFI.Registration.Test\AFI.Registration.Test.csproj", "{82BD6DBA-4D32-41F1-9289-DBF69B0A5E04}"
EndProject
Project("{9A19103F-16F7-4668-BE54-9A1E7A4F7556}") = "AFI.Registration.Models", "AFI.Registration.Models\AFI.Registration.Models.csproj", "{12666B97-44E4-4C1C-B9F6-73E24F1D6612}"
EndProject
Project("{FAE04EC0-301F-11D3-BF4B-00C04F79EFBC}") = "AFI.Registration.API", "AFI.Registration.API\AFI.Registration.API.csproj", "{DF8EECD8-26D1-4B93-891C-C27E76C840E3}"
EndProject
Global
	GlobalSection(SolutionConfigurationPlatforms) = preSolution
		Debug|Any CPU = Debug|Any CPU
		Release|Any CPU = Release|Any CPU
	EndGlobalSection
	GlobalSection(ProjectConfigurationPlatforms) = postSolution
		{0FF816A5-A732-467B-BFFE-C24C9515C148}.Debug|Any CPU.ActiveCfg = Debug|Any CPU
		{0FF816A5-A732-467B-BFFE-C24C9515C148}.Debug|Any CPU.Build.0 = Debug|Any CPU
		{0FF816A5-A732-467B-BFFE-C24C9515C148}.Release|Any CPU.ActiveCfg = Release|Any CPU
		{0FF816A5-A732-467B-BFFE-C24C9515C148}.Release|Any CPU.Build.0 = Release|Any CPU
		{167679CA-47B1-43C4-9ABE-777DFEF543C4}.Debug|Any CPU.ActiveCfg = Debug|Any CPU
		{167679CA-47B1-43C4-9ABE-777DFEF543C4}.Debug|Any CPU.Build.0 = Debug|Any CPU
		{167679CA-47B1-43C4-9ABE-777DFEF543C4}.Release|Any CPU.ActiveCfg = Release|Any CPU
		{167679CA-47B1-43C4-9ABE-777DFEF543C4}.Release|Any CPU.Build.0 = Release|Any CPU
		{E2D1FC17-25EE-4006-B360-021C35568C6F}.Debug|Any CPU.ActiveCfg = Debug|Any CPU
		{E2D1FC17-25EE-4006-B360-021C35568C6F}.Debug|Any CPU.Build.0 = Debug|Any CPU
		{E2D1FC17-25EE-4006-B360-021C35568C6F}.Release|Any CPU.ActiveCfg = Release|Any CPU
		{E2D1FC17-25EE-4006-B360-021C35568C6F}.Release|Any CPU.Build.0 = Release|Any CPU
		{82BD6DBA-4D32-41F1-9289-DBF69B0A5E04}.Debug|Any CPU.ActiveCfg = Debug|Any CPU
		{82BD6DBA-4D32-41F1-9289-DBF69B0A5E04}.Debug|Any CPU.Build.0 = Debug|Any CPU
		{82BD6DBA-4D32-41F1-9289-DBF69B0A5E04}.Release|Any CPU.ActiveCfg = Release|Any CPU
		{82BD6DBA-4D32-41F1-9289-DBF69B0A5E04}.Release|Any CPU.Build.0 = Release|Any CPU
		{12666B97-44E4-4C1C-B9F6-73E24F1D6612}.Debug|Any CPU.ActiveCfg = Debug|Any CPU
		{12666B97-44E4-4C1C-B9F6-73E24F1D6612}.Debug|Any CPU.Build.0 = Debug|Any CPU
		{12666B97-44E4-4C1C-B9F6-73E24F1D6612}.Release|Any CPU.ActiveCfg = Release|Any CPU
		{12666B97-44E4-4C1C-B9F6-73E24F1D6612}.Release|Any CPU.Build.0 = Release|Any CPU
		{DF8EECD8-26D1-4B93-891C-C27E76C840E3}.Debug|Any CPU.ActiveCfg = Debug|Any CPU
		{DF8EECD8-26D1-4B93-891C-C27E76C840E3}.Debug|Any CPU.Build.0 = Debug|Any CPU
		{DF8EECD8-26D1-4B93-891C-C27E76C840E3}.Release|Any CPU.ActiveCfg = Release|Any CPU
		{DF8EECD8-26D1-4B93-891C-C27E76C840E3}.Release|Any CPU.Build.0 = Release|Any CPU
	EndGlobalSection
	GlobalSection(SolutionProperties) = preSolution
		HideSolutionNode = FALSE
	EndGlobalSection
	GlobalSection(ExtensibilityGlobals) = postSolution
		SolutionGuid = {8C8D191D-9D19-4929-99DF-76191282EB7A}
	EndGlobalSection
EndGlobal
